
Microsoft Visual Studio Solution File, Format Version 12.00
# Visual Studio Version 16
VisualStudioVersion = 16.0.31105.61
MinimumVisualStudioVersion = 10.0.40219.1
Project("{FAE04EC0-301F-11D3-BF4B-00C04F79EFBC}") = "kart4", "kart4\kart4.csproj", "{BF93F947-6B0E-4D9B-BF8B-93AAA74F199B}"
EndProject
Global
	GlobalSection(SolutionConfigurationPlatforms) = preSolution
		Debug|Any CPU = Debug|Any CPU
		Release|Any CPU = Release|Any CPU
	EndGlobalSection
	GlobalSection(ProjectConfigurationPlatforms) = postSolution
		{BF93F947-6B0E-4D9B-BF8B-93AAA74F199B}.Debug|Any CPU.ActiveCfg = Debug|Any CPU
		{BF93F947-6B0E-4D9B-BF8B-93AAA74F199B}.Debug|Any CPU.Build.0 = Debug|Any CPU
		{BF93F947-6B0E-4D9B-BF8B-93AAA74F199B}.Release|Any CPU.ActiveCfg = Release|Any CPU
		{BF93F947-6B0E-4D9B-BF8B-93AAA74F199B}.Release|Any CPU.Build.0 = Release|Any CPU
	EndGlobalSection
	GlobalSection(SolutionProperties) = preSolution
		HideSolutionNode = FALSE
	EndGlobalSection
	GlobalSection(ExtensibilityGlobals) = postSolution
		SolutionGuid = {16BB5902-4956-43F8-99EA-BF88D1093147}
	EndGlobalSection
EndGlobal
